
Microsoft Visual Studio Solution File, Format Version 12.00
# Visual Studio Version 17
VisualStudioVersion = 17.2.32630.192
MinimumVisualStudioVersion = 10.0.40219.1
Project("{9A19103F-16F7-4668-BE54-9A1E7A4F7556}") = "Project1", "Project1\Project1.csproj", "{E207F9A0-7DA9-4BDD-92F2-7A6F8D4C3A0F}"
EndProject
Project("{FAE04EC0-301F-11D3-BF4B-00C04F79EFBC}") = "Consumer", "Consumer\Consumer.csproj", "{F8A438E4-BCA4-4470-94C4-432DF289A603}"
EndProject
Global
	GlobalSection(SolutionConfigurationPlatforms) = preSolution
		Debug|Any CPU = Debug|Any CPU
		Release|Any CPU = Release|Any CPU
	EndGlobalSection
	GlobalSection(ProjectConfigurationPlatforms) = postSolution
		{E207F9A0-7DA9-4BDD-92F2-7A6F8D4C3A0F}.Debug|Any CPU.ActiveCfg = Debug|Any CPU
		{E207F9A0-7DA9-4BDD-92F2-7A6F8D4C3A0F}.Debug|Any CPU.Build.0 = Debug|Any CPU
		{E207F9A0-7DA9-4BDD-92F2-7A6F8D4C3A0F}.Release|Any CPU.ActiveCfg = Release|Any CPU
		{E207F9A0-7DA9-4BDD-92F2-7A6F8D4C3A0F}.Release|Any CPU.Build.0 = Release|Any CPU
		{F8A438E4-BCA4-4470-94C4-432DF289A603}.Debug|Any CPU.ActiveCfg = Debug|Any CPU
		{F8A438E4-BCA4-4470-94C4-432DF289A603}.Debug|Any CPU.Build.0 = Debug|Any CPU
		{F8A438E4-BCA4-4470-94C4-432DF289A603}.Release|Any CPU.ActiveCfg = Release|Any CPU
		{F8A438E4-BCA4-4470-94C4-432DF289A603}.Release|Any CPU.Build.0 = Release|Any CPU
	EndGlobalSection
	GlobalSection(SolutionProperties) = preSolution
		HideSolutionNode = FALSE
	EndGlobalSection
	GlobalSection(ExtensibilityGlobals) = postSolution
		SolutionGuid = {3A6DB89F-B283-4E0E-BE81-25923E1E0A46}
	EndGlobalSection
EndGlobal
